
Microsoft Visual Studio Solution File, Format Version 12.00
# Visual Studio 15
VisualStudioVersion = 15.0.28307.1145
MinimumVisualStudioVersion = 10.0.40219.1
Project("{FAE04EC0-301F-11D3-BF4B-00C04F79EFBC}") = "Deneme-tez2", "Deneme-tez2\Deneme-tez2.csproj", "{0D253B59-6941-4CA8-934D-376264C97B40}"
EndProject
Project("{54435603-DBB4-11D2-8724-00A0C9A8B90C}") = "Eğlence Ve Eğitim Uygumaları", "Eğlence Ve Eğitim Uygumaları\Eğlence Ve Eğitim Uygumaları.vdproj", "{07786F29-30DD-40A1-8879-BF8A45104FE3}"
EndProject
Global
	GlobalSection(SolutionConfigurationPlatforms) = preSolution
		Debug|Any CPU = Debug|Any CPU
		Release|Any CPU = Release|Any CPU
	EndGlobalSection
	GlobalSection(ProjectConfigurationPlatforms) = postSolution
		{0D253B59-6941-4CA8-934D-376264C97B40}.Debug|Any CPU.ActiveCfg = Debug|Any CPU
		{0D253B59-6941-4CA8-934D-376264C97B40}.Debug|Any CPU.Build.0 = Debug|Any CPU
		{0D253B59-6941-4CA8-934D-376264C97B40}.Release|Any CPU.ActiveCfg = Release|Any CPU
		{0D253B59-6941-4CA8-934D-376264C97B40}.Release|Any CPU.Build.0 = Release|Any CPU
		{07786F29-30DD-40A1-8879-BF8A45104FE3}.Debug|Any CPU.ActiveCfg = Debug
		{07786F29-30DD-40A1-8879-BF8A45104FE3}.Release|Any CPU.ActiveCfg = Release
	EndGlobalSection
	GlobalSection(SolutionProperties) = preSolution
		HideSolutionNode = FALSE
	EndGlobalSection
	GlobalSection(ExtensibilityGlobals) = postSolution
		SolutionGuid = {BB4C0898-8D4D-48C5-AEEB-21E303A95EB2}
	EndGlobalSection
EndGlobal
